<Solution>
  <Project Path="yt-dlp_web/yt-dlp_web.Client/yt-dlp_web.Client.csproj"/>
  <Project Path="yt-dlp_web/yt-dlp_web/yt-dlp_web.csproj"/>
  <Folder Name="/Solution Items/">
    <File Path="yt-dlp_web/yt-dlp_web/bin/Debug/net8.0/tools/ffmpeg.exe"/>
    <File Path="yt-dlp_web/yt-dlp_web/bin/Debug/net8.0/tools/yt-dlp.exe"/>
  </Folder>
</Solution>